// !$*UTF8*$!
{
	archiveVersion = 1;
	classes = {
	};
	objectVersion = 56;
	objects = {

/* Begin PBXBuildFile section */
		004482BE292D71560034EB9E /* AppDelegate.swift in Sources */ = {isa = PBXBuildFile; fileRef = 004482BD292D71560034EB9E /* AppDelegate.swift */; };
		004482C0292D71560034EB9E /* SceneDelegate.swift in Sources */ = {isa = PBXBuildFile; fileRef = 004482BF292D71560034EB9E /* SceneDelegate.swift */; };
		004482C7292D71570034EB9E /* Assets.xcassets in Resources */ = {isa = PBXBuildFile; fileRef = 004482C6292D71570034EB9E /* Assets.xcassets */; };
		004482D4292D7E920034EB9E /* GoogleService-Info.plist in Resources */ = {isa = PBXBuildFile; fileRef = 004482D3292D7E920034EB9E /* GoogleService-Info.plist */; };
		004482D7292D7EFC0034EB9E /* HomeViewController.swift in Sources */ = {isa = PBXBuildFile; fileRef = 004482D6292D7EFC0034EB9E /* HomeViewController.swift */; };
		004482DA292D7F8F0034EB9E /* FirebaseAuth in Frameworks */ = {isa = PBXBuildFile; productRef = 004482D9292D7F8F0034EB9E /* FirebaseAuth */; };
		004482DC292D7F900034EB9E /* FirebaseDatabase in Frameworks */ = {isa = PBXBuildFile; productRef = 004482DB292D7F900034EB9E /* FirebaseDatabase */; };
		004482DE292D7F900034EB9E /* FirebaseDatabaseSwift in Frameworks */ = {isa = PBXBuildFile; productRef = 004482DD292D7F900034EB9E /* FirebaseDatabaseSwift */; };
		004482E0292D7F900034EB9E /* FirebaseMessaging in Frameworks */ = {isa = PBXBuildFile; productRef = 004482DF292D7F900034EB9E /* FirebaseMessaging */; };
		004482E2292D7F900034EB9E /* FirebaseStorage in Frameworks */ = {isa = PBXBuildFile; productRef = 004482E1292D7F900034EB9E /* FirebaseStorage */; };
		004482E5292D7FE70034EB9E /* DataManager.swift in Sources */ = {isa = PBXBuildFile; fileRef = 004482E4292D7FE70034EB9E /* DataManager.swift */; };
		004482E7292D809E0034EB9E /* UserData.swift in Sources */ = {isa = PBXBuildFile; fileRef = 004482E6292D809E0034EB9E /* UserData.swift */; };
		004482E9292D81270034EB9E /* MessageData.swift in Sources */ = {isa = PBXBuildFile; fileRef = 004482E8292D81270034EB9E /* MessageData.swift */; };
		004482EB292D81B30034EB9E /* DataConstants.swift in Sources */ = {isa = PBXBuildFile; fileRef = 004482EA292D81B30034EB9E /* DataConstants.swift */; };
		004482ED292D82330034EB9E /* DataLoadedCallback.swift in Sources */ = {isa = PBXBuildFile; fileRef = 004482EC292D82330034EB9E /* DataLoadedCallback.swift */; };
		004482F0292D85F30034EB9E /* Extensions.swift in Sources */ = {isa = PBXBuildFile; fileRef = 004482EF292D85F30034EB9E /* Extensions.swift */; };
		004482F2292D883E0034EB9E /* DataUtil.swift in Sources */ = {isa = PBXBuildFile; fileRef = 004482F1292D883E0034EB9E /* DataUtil.swift */; };
		004482F6292D89FE0034EB9E /* UserTableViewCell.swift in Sources */ = {isa = PBXBuildFile; fileRef = 004482F5292D89FE0034EB9E /* UserTableViewCell.swift */; };
		004482F8292D8E210034EB9E /* MessageViewController.swift in Sources */ = {isa = PBXBuildFile; fileRef = 004482F7292D8E210034EB9E /* MessageViewController.swift */; };
/* End PBXBuildFile section */

/* Begin PBXFileReference section */
		004482BA292D71560034EB9E /* Interact.app */ = {isa = PBXFileReference; explicitFileType = wrapper.application; includeInIndex = 0; path = Interact.app; sourceTree = BUILT_PRODUCTS_DIR; };
		004482BD292D71560034EB9E /* AppDelegate.swift */ = {isa = PBXFileReference; lastKnownFileType = sourcecode.swift; path = AppDelegate.swift; sourceTree = "<group>"; };
		004482BF292D71560034EB9E /* SceneDelegate.swift */ = {isa = PBXFileReference; lastKnownFileType = sourcecode.swift; path = SceneDelegate.swift; sourceTree = "<group>"; };
		004482C6292D71570034EB9E /* Assets.xcassets */ = {isa = PBXFileReference; lastKnownFileType = folder.assetcatalog; path = Assets.xcassets; sourceTree = "<group>"; };
		004482CB292D71570034EB9E /* Info.plist */ = {isa = PBXFileReference; lastKnownFileType = text.plist.xml; path = Info.plist; sourceTree = "<group>"; };
		004482D3292D7E920034EB9E /* GoogleService-Info.plist */ = {isa = PBXFileReference; fileEncoding = 4; lastKnownFileType = text.plist.xml; path = "GoogleService-Info.plist"; sourceTree = "<group>"; };
		004482D6292D7EFC0034EB9E /* HomeViewController.swift */ = {isa = PBXFileReference; lastKnownFileType = sourcecode.swift; path = HomeViewController.swift; sourceTree = "<group>"; };
		004482E4292D7FE70034EB9E /* DataManager.swift */ = {isa = PBXFileReference; lastKnownFileType = sourcecode.swift; path = DataManager.swift; sourceTree = "<group>"; };
		004482E6292D809E0034EB9E /* UserData.swift */ = {isa = PBXFileReference; lastKnownFileType = sourcecode.swift; path = UserData.swift; sourceTree = "<group>"; };
		004482E8292D81270034EB9E /* MessageData.swift */ = {isa = PBXFileReference; lastKnownFileType = sourcecode.swift; path = MessageData.swift; sourceTree = "<group>"; };
		004482EA292D81B30034EB9E /* DataConstants.swift */ = {isa = PBXFileReference; lastKnownFileType = sourcecode.swift; path = DataConstants.swift; sourceTree = "<group>"; };
		004482EC292D82330034EB9E /* DataLoadedCallback.swift */ = {isa = PBXFileReference; lastKnownFileType = sourcecode.swift; path = DataLoadedCallback.swift; sourceTree = "<group>"; };
		004482EF292D85F30034EB9E /* Extensions.swift */ = {isa = PBXFileReference; lastKnownFileType = sourcecode.swift; path = Extensions.swift; sourceTree = "<group>"; };
		004482F1292D883E0034EB9E /* DataUtil.swift */ = {isa = PBXFileReference; lastKnownFileType = sourcecode.swift; path = DataUtil.swift; sourceTree = "<group>"; };
		004482F5292D89FE0034EB9E /* UserTableViewCell.swift */ = {isa = PBXFileReference; lastKnownFileType = sourcecode.swift; path = UserTableViewCell.swift; sourceTree = "<group>"; };
		004482F7292D8E210034EB9E /* MessageViewController.swift */ = {isa = PBXFileReference; lastKnownFileType = sourcecode.swift; path = MessageViewController.swift; sourceTree = "<group>"; };
/* End PBXFileReference section */

/* Begin PBXFrameworksBuildPhase section */
		004482B7292D71560034EB9E /* Frameworks */ = {
			isa = PBXFrameworksBuildPhase;
			buildActionMask = 2147483647;
			files = (
				004482E0292D7F900034EB9E /* FirebaseMessaging in Frameworks */,
				004482DE292D7F900034EB9E /* FirebaseDatabaseSwift in Frameworks */,
				004482DC292D7F900034EB9E /* FirebaseDatabase in Frameworks */,
				004482E2292D7F900034EB9E /* FirebaseStorage in Frameworks */,
				004482DA292D7F8F0034EB9E /* FirebaseAuth in Frameworks */,
			);
			runOnlyForDeploymentPostprocessing = 0;
		};
/* End PBXFrameworksBuildPhase section */

/* Begin PBXGroup section */
		004482B1292D71560034EB9E = {
			isa = PBXGroup;
			children = (
				004482BC292D71560034EB9E /* Interact */,
				004482BB292D71560034EB9E /* Products */,
			);
			sourceTree = "<group>";
		};
		004482BB292D71560034EB9E /* Products */ = {
			isa = PBXGroup;
			children = (
				004482BA292D71560034EB9E /* Interact.app */,
			);
			name = Products;
			sourceTree = "<group>";
		};
		004482BC292D71560034EB9E /* Interact */ = {
			isa = PBXGroup;
			children = (
				004482F3292D89E20034EB9E /* UI */,
				004482EE292D85CE0034EB9E /* Util */,
				004482E3292D7FC30034EB9E /* Data */,
				004482D5292D7EDF0034EB9E /* ViewControllers */,
				004482BD292D71560034EB9E /* AppDelegate.swift */,
				004482BF292D71560034EB9E /* SceneDelegate.swift */,
				004482C6292D71570034EB9E /* Assets.xcassets */,
				004482CB292D71570034EB9E /* Info.plist */,
				004482D3292D7E920034EB9E /* GoogleService-Info.plist */,
			);
			path = Interact;
			sourceTree = "<group>";
		};
		004482D5292D7EDF0034EB9E /* ViewControllers */ = {
			isa = PBXGroup;
			children = (
				004482D6292D7EFC0034EB9E /* HomeViewController.swift */,
				004482F7292D8E210034EB9E /* MessageViewController.swift */,
			);
			path = ViewControllers;
			sourceTree = "<group>";
		};
		004482E3292D7FC30034EB9E /* Data */ = {
			isa = PBXGroup;
			children = (
				004482E4292D7FE70034EB9E /* DataManager.swift */,
				004482E6292D809E0034EB9E /* UserData.swift */,
				004482E8292D81270034EB9E /* MessageData.swift */,
				004482EA292D81B30034EB9E /* DataConstants.swift */,
				004482EC292D82330034EB9E /* DataLoadedCallback.swift */,
				004482F1292D883E0034EB9E /* DataUtil.swift */,
			);
			path = Data;
			sourceTree = "<group>";
		};
		004482EE292D85CE0034EB9E /* Util */ = {
			isa = PBXGroup;
			children = (
				004482EF292D85F30034EB9E /* Extensions.swift */,
			);
			path = Util;
			sourceTree = "<group>";
		};
		004482F3292D89E20034EB9E /* UI */ = {
			isa = PBXGroup;
			children = (
				004482F4292D89EA0034EB9E /* Home */,
			);
			path = UI;
			sourceTree = "<group>";
		};
		004482F4292D89EA0034EB9E /* Home */ = {
			isa = PBXGroup;
			children = (
				004482F5292D89FE0034EB9E /* UserTableViewCell.swift */,
			);
			path = Home;
			sourceTree = "<group>";
		};
/* End PBXGroup section */

/* Begin PBXNativeTarget section */
		004482B9292D71560034EB9E /* Interact */ = {
			isa = PBXNativeTarget;
			buildConfigurationList = 004482CE292D71570034EB9E /* Build configuration list for PBXNativeTarget "Interact" */;
			buildPhases = (
				004482B6292D71560034EB9E /* Sources */,
				004482B7292D71560034EB9E /* Frameworks */,
				004482B8292D71560034EB9E /* Resources */,
			);
			buildRules = (
			);
			dependencies = (
			);
			name = Interact;
			packageProductDependencies = (
				004482D9292D7F8F0034EB9E /* FirebaseAuth */,
				004482DB292D7F900034EB9E /* FirebaseDatabase */,
				004482DD292D7F900034EB9E /* FirebaseDatabaseSwift */,
				004482DF292D7F900034EB9E /* FirebaseMessaging */,
				004482E1292D7F900034EB9E /* FirebaseStorage */,
			);
			productName = Interact;
			productReference = 004482BA292D71560034EB9E /* Interact.app */;
			productType = "com.apple.product-type.application";
		};
/* End PBXNativeTarget section */

/* Begin PBXProject section */
		004482B2292D71560034EB9E /* Project object */ = {
			isa = PBXProject;
			attributes = {
				BuildIndependentTargetsInParallel = 1;
				LastSwiftUpdateCheck = 1410;
				LastUpgradeCheck = 1410;
				TargetAttributes = {
					004482B9292D71560034EB9E = {
						CreatedOnToolsVersion = 14.1;
					};
				};
			};
			buildConfigurationList = 004482B5292D71560034EB9E /* Build configuration list for PBXProject "Interact" */;
			compatibilityVersion = "Xcode 14.0";
			developmentRegion = en;
			hasScannedForEncodings = 0;
			knownRegions = (
				en,
				Base,
			);
			mainGroup = 004482B1292D71560034EB9E;
			packageReferences = (
				004482D8292D7F8F0034EB9E /* XCRemoteSwiftPackageReference "firebase-ios-sdk" */,
			);
			productRefGroup = 004482BB292D71560034EB9E /* Products */;
			projectDirPath = "";
			projectRoot = "";
			targets = (
				004482B9292D71560034EB9E /* Interact */,
			);
		};
/* End PBXProject section */

/* Begin PBXResourcesBuildPhase section */
		004482B8292D71560034EB9E /* Resources */ = {
			isa = PBXResourcesBuildPhase;
			buildActionMask = 2147483647;
			files = (
				004482D4292D7E920034EB9E /* GoogleService-Info.plist in Resources */,
				004482C7292D71570034EB9E /* Assets.xcassets in Resources */,
			);
			runOnlyForDeploymentPostprocessing = 0;
		};
/* End PBXResourcesBuildPhase section */

/* Begin PBXSourcesBuildPhase section */
		004482B6292D71560034EB9E /* Sources */ = {
			isa = PBXSourcesBuildPhase;
			buildActionMask = 2147483647;
			files = (
				004482BE292D71560034EB9E /* AppDelegate.swift in Sources */,
				004482F0292D85F30034EB9E /* Extensions.swift in Sources */,
				004482F6292D89FE0034EB9E /* UserTableViewCell.swift in Sources */,
				004482E9292D81270034EB9E /* MessageData.swift in Sources */,
				004482E5292D7FE70034EB9E /* DataManager.swift in Sources */,
				004482ED292D82330034EB9E /* DataLoadedCallback.swift in Sources */,
				004482F8292D8E210034EB9E /* MessageViewController.swift in Sources */,
				004482EB292D81B30034EB9E /* DataConstants.swift in Sources */,
				004482C0292D71560034EB9E /* SceneDelegate.swift in Sources */,
				004482E7292D809E0034EB9E /* UserData.swift in Sources */,
				004482D7292D7EFC0034EB9E /* HomeViewController.swift in Sources */,
				004482F2292D883E0034EB9E /* DataUtil.swift in Sources */,
			);
			runOnlyForDeploymentPostprocessing = 0;
		};
/* End PBXSourcesBuildPhase section */

/* Begin XCBuildConfiguration section */
		004482CC292D71570034EB9E /* Debug */ = {
			isa = XCBuildConfiguration;
			buildSettings = {
				ALWAYS_SEARCH_USER_PATHS = NO;
				CLANG_ANALYZER_NONNULL = YES;
				CLANG_ANALYZER_NUMBER_OBJECT_CONVERSION = YES_AGGRESSIVE;
				CLANG_CXX_LANGUAGE_STANDARD = "gnu++20";
				CLANG_ENABLE_MODULES = YES;
				CLANG_ENABLE_OBJC_ARC = YES;
				CLANG_ENABLE_OBJC_WEAK = YES;
				CLANG_WARN_BLOCK_CAPTURE_AUTORELEASING = YES;
				CLANG_WARN_BOOL_CONVERSION = YES;
				CLANG_WARN_COMMA = YES;
				CLANG_WARN_CONSTANT_CONVERSION = YES;
				CLANG_WARN_DEPRECATED_OBJC_IMPLEMENTATIONS = YES;
				CLANG_WARN_DIRECT_OBJC_ISA_USAGE = YES_ERROR;
				CLANG_WARN_DOCUMENTATION_COMMENTS = YES;
				CLANG_WARN_EMPTY_BODY = YES;
				CLANG_WARN_ENUM_CONVERSION = YES;
				CLANG_WARN_INFINITE_RECURSION = YES;
				CLANG_WARN_INT_CONVERSION = YES;
				CLANG_WARN_NON_LITERAL_NULL_CONVERSION = YES;
				CLANG_WARN_OBJC_IMPLICIT_RETAIN_SELF = YES;
				CLANG_WARN_OBJC_LITERAL_CONVERSION = YES;
				CLANG_WARN_OBJC_ROOT_CLASS = YES_ERROR;
				CLANG_WARN_QUOTED_INCLUDE_IN_FRAMEWORK_HEADER = YES;
				CLANG_WARN_RANGE_LOOP_ANALYSIS = YES;
				CLANG_WARN_STRICT_PROTOTYPES = YES;
				CLANG_WARN_SUSPICIOUS_MOVE = YES;
				CLANG_WARN_UNGUARDED_AVAILABILITY = YES_AGGRESSIVE;
				CLANG_WARN_UNREACHABLE_CODE = YES;
				CLANG_WARN__DUPLICATE_METHOD_MATCH = YES;
				COPY_PHASE_STRIP = NO;
				DEBUG_INFORMATION_FORMAT = dwarf;
				ENABLE_STRICT_OBJC_MSGSEND = YES;
				ENABLE_TESTABILITY = YES;
				GCC_C_LANGUAGE_STANDARD = gnu11;
				GCC_DYNAMIC_NO_PIC = NO;
				GCC_NO_COMMON_BLOCKS = YES;
				GCC_OPTIMIZATION_LEVEL = 0;
				GCC_PREPROCESSOR_DEFINITIONS = (
					"DEBUG=1",
					"$(inherited)",
				);
				GCC_WARN_64_TO_32_BIT_CONVERSION = YES;
				GCC_WARN_ABOUT_RETURN_TYPE = YES_ERROR;
				GCC_WARN_UNDECLARED_SELECTOR = YES;
				GCC_WARN_UNINITIALIZED_AUTOS = YES_AGGRESSIVE;
				GCC_WARN_UNUSED_FUNCTION = YES;
				GCC_WARN_UNUSED_VARIABLE = YES;
				IPHONEOS_DEPLOYMENT_TARGET = 16.1;
				MTL_ENABLE_DEBUG_INFO = INCLUDE_SOURCE;
				MTL_FAST_MATH = YES;
				ONLY_ACTIVE_ARCH = YES;
				SDKROOT = iphoneos;
				SWIFT_ACTIVE_COMPILATION_CONDITIONS = DEBUG;
				SWIFT_OPTIMIZATION_LEVEL = "-Onone";
			};
			name = Debug;
		};
		004482CD292D71570034EB9E /* Release */ = {
			isa = XCBuildConfiguration;
			buildSettings = {
				ALWAYS_SEARCH_USER_PATHS = NO;
				CLANG_ANALYZER_NONNULL = YES;
				CLANG_ANALYZER_NUMBER_OBJECT_CONVERSION = YES_AGGRESSIVE;
				CLANG_CXX_LANGUAGE_STANDARD = "gnu++20";
				CLANG_ENABLE_MODULES = YES;
				CLANG_ENABLE_OBJC_ARC = YES;
				CLANG_ENABLE_OBJC_WEAK = YES;
				CLANG_WARN_BLOCK_CAPTURE_AUTORELEASING = YES;
				CLANG_WARN_BOOL_CONVERSION = YES;
				CLANG_WARN_COMMA = YES;
				CLANG_WARN_CONSTANT_CONVERSION = YES;
				CLANG_WARN_DEPRECATED_OBJC_IMPLEMENTATIONS = YES;
				CLANG_WARN_DIRECT_OBJC_ISA_USAGE = YES_ERROR;
				CLANG_WARN_DOCUMENTATION_COMMENTS = YES;
				CLANG_WARN_EMPTY_BODY = YES;
				CLANG_WARN_ENUM_CONVERSION = YES;
				CLANG_WARN_INFINITE_RECURSION = YES;
				CLANG_WARN_INT_CONVERSION = YES;
				CLANG_WARN_NON_LITERAL_NULL_CONVERSION = YES;
				CLANG_WARN_OBJC_IMPLICIT_RETAIN_SELF = YES;
				CLANG_WARN_OBJC_LITERAL_CONVERSION = YES;
				CLANG_WARN_OBJC_ROOT_CLASS = YES_ERROR;
				CLANG_WARN_QUOTED_INCLUDE_IN_FRAMEWORK_HEADER = YES;
				CLANG_WARN_RANGE_LOOP_ANALYSIS = YES;
				CLANG_WARN_STRICT_PROTOTYPES = YES;
				CLANG_WARN_SUSPICIOUS_MOVE = YES;
				CLANG_WARN_UNGUARDED_AVAILABILITY = YES_AGGRESSIVE;
				CLANG_WARN_UNREACHABLE_CODE = YES;
				CLANG_WARN__DUPLICATE_METHOD_MATCH = YES;
				COPY_PHASE_STRIP = NO;
				DEBUG_INFORMATION_FORMAT = "dwarf-with-dsym";
				ENABLE_NS_ASSERTIONS = NO;
				ENABLE_STRICT_OBJC_MSGSEND = YES;
				GCC_C_LANGUAGE_STANDARD = gnu11;
				GCC_NO_COMMON_BLOCKS = YES;
				GCC_WARN_64_TO_32_BIT_CONVERSION = YES;
				GCC_WARN_ABOUT_RETURN_TYPE = YES_ERROR;
				GCC_WARN_UNDECLARED_SELECTOR = YES;
				GCC_WARN_UNINITIALIZED_AUTOS = YES_AGGRESSIVE;
				GCC_WARN_UNUSED_FUNCTION = YES;
				GCC_WARN_UNUSED_VARIABLE = YES;
				IPHONEOS_DEPLOYMENT_TARGET = 16.1;
				MTL_ENABLE_DEBUG_INFO = NO;
				MTL_FAST_MATH = YES;
				SDKROOT = iphoneos;
				SWIFT_COMPILATION_MODE = wholemodule;
				SWIFT_OPTIMIZATION_LEVEL = "-O";
				VALIDATE_PRODUCT = YES;
			};
			name = Release;
		};
		004482CF292D71570034EB9E /* Debug */ = {
			isa = XCBuildConfiguration;
			buildSettings = {
				ASSETCATALOG_COMPILER_APPICON_NAME = AppIcon;
				ASSETCATALOG_COMPILER_GLOBAL_ACCENT_COLOR_NAME = AccentColor;
				CODE_SIGN_STYLE = Automatic;
				CURRENT_PROJECT_VERSION = 1;
				GENERATE_INFOPLIST_FILE = YES;
				INFOPLIST_FILE = Interact/Info.plist;
				INFOPLIST_KEY_UIApplicationSupportsIndirectInputEvents = YES;
				INFOPLIST_KEY_UILaunchStoryboardName = LaunchScreen;
				INFOPLIST_KEY_UISupportedInterfaceOrientations_iPad = "UIInterfaceOrientationPortrait UIInterfaceOrientationPortraitUpsideDown UIInterfaceOrientationLandscapeLeft UIInterfaceOrientationLandscapeRight";
				INFOPLIST_KEY_UISupportedInterfaceOrientations_iPhone = "UIInterfaceOrientationPortrait UIInterfaceOrientationLandscapeLeft UIInterfaceOrientationLandscapeRight";
				LD_RUNPATH_SEARCH_PATHS = (
					"$(inherited)",
					"@executable_path/Frameworks",
				);
				MARKETING_VERSION = 1.0;
				PRODUCT_BUNDLE_IDENTIFIER = com.hsappdev.Interact;
				PRODUCT_NAME = "$(TARGET_NAME)";
				SWIFT_EMIT_LOC_STRINGS = YES;
				SWIFT_VERSION = 5.0;
				TARGETED_DEVICE_FAMILY = "1,2";
			};
			name = Debug;
		};
		004482D0292D71570034EB9E /* Release */ = {
			isa = XCBuildConfiguration;
			buildSettings = {
				ASSETCATALOG_COMPILER_APPICON_NAME = AppIcon;
				ASSETCATALOG_COMPILER_GLOBAL_ACCENT_COLOR_NAME = AccentColor;
				CODE_SIGN_STYLE = Automatic;
				CURRENT_PROJECT_VERSION = 1;
				GENERATE_INFOPLIST_FILE = YES;
				INFOPLIST_FILE = Interact/Info.plist;
				INFOPLIST_KEY_UIApplicationSupportsIndirectInputEvents = YES;
				INFOPLIST_KEY_UILaunchStoryboardName = LaunchScreen;
				INFOPLIST_KEY_UISupportedInterfaceOrientations_iPad = "UIInterfaceOrientationPortrait UIInterfaceOrientationPortraitUpsideDown UIInterfaceOrientationLandscapeLeft UIInterfaceOrientationLandscapeRight";
				INFOPLIST_KEY_UISupportedInterfaceOrientations_iPhone = "UIInterfaceOrientationPortrait UIInterfaceOrientationLandscapeLeft UIInterfaceOrientationLandscapeRight";
				LD_RUNPATH_SEARCH_PATHS = (
					"$(inherited)",
					"@executable_path/Frameworks",
				);
				MARKETING_VERSION = 1.0;
				PRODUCT_BUNDLE_IDENTIFIER = com.hsappdev.Interact;
				PRODUCT_NAME = "$(TARGET_NAME)";
				SWIFT_EMIT_LOC_STRINGS = YES;
				SWIFT_VERSION = 5.0;
				TARGETED_DEVICE_FAMILY = "1,2";
			};
			name = Release;
		};
/* End XCBuildConfiguration section */

/* Begin XCConfigurationList section */
		004482B5292D71560034EB9E /* Build configuration list for PBXProject "Interact" */ = {
			isa = XCConfigurationList;
			buildConfigurations = (
				004482CC292D71570034EB9E /* Debug */,
				004482CD292D71570034EB9E /* Release */,
			);
			defaultConfigurationIsVisible = 0;
			defaultConfigurationName = Release;
		};
		004482CE292D71570034EB9E /* Build configuration list for PBXNativeTarget "Interact" */ = {
			isa = XCConfigurationList;
			buildConfigurations = (
				004482CF292D71570034EB9E /* Debug */,
				004482D0292D71570034EB9E /* Release */,
			);
			defaultConfigurationIsVisible = 0;
			defaultConfigurationName = Release;
		};
/* End XCConfigurationList section */

/* Begin XCRemoteSwiftPackageReference section */
		004482D8292D7F8F0034EB9E /* XCRemoteSwiftPackageReference "firebase-ios-sdk" */ = {
			isa = XCRemoteSwiftPackageReference;
			repositoryURL = "https://github.com/firebase/firebase-ios-sdk";
			requirement = {
				branch = master;
				kind = branch;
			};
		};
/* End XCRemoteSwiftPackageReference section */

/* Begin XCSwiftPackageProductDependency section */
		004482D9292D7F8F0034EB9E /* FirebaseAuth */ = {
			isa = XCSwiftPackageProductDependency;
			package = 004482D8292D7F8F0034EB9E /* XCRemoteSwiftPackageReference "firebase-ios-sdk" */;
			productName = FirebaseAuth;
		};
		004482DB292D7F900034EB9E /* FirebaseDatabase */ = {
			isa = XCSwiftPackageProductDependency;
			package = 004482D8292D7F8F0034EB9E /* XCRemoteSwiftPackageReference "firebase-ios-sdk" */;
			productName = FirebaseDatabase;
		};
		004482DD292D7F900034EB9E /* FirebaseDatabaseSwift */ = {
			isa = XCSwiftPackageProductDependency;
			package = 004482D8292D7F8F0034EB9E /* XCRemoteSwiftPackageReference "firebase-ios-sdk" */;
			productName = FirebaseDatabaseSwift;
		};
		004482DF292D7F900034EB9E /* FirebaseMessaging */ = {
			isa = XCSwiftPackageProductDependency;
			package = 004482D8292D7F8F0034EB9E /* XCRemoteSwiftPackageReference "firebase-ios-sdk" */;
			productName = FirebaseMessaging;
		};
		004482E1292D7F900034EB9E /* FirebaseStorage */ = {
			isa = XCSwiftPackageProductDependency;
			package = 004482D8292D7F8F0034EB9E /* XCRemoteSwiftPackageReference "firebase-ios-sdk" */;
			productName = FirebaseStorage;
		};
/* End XCSwiftPackageProductDependency section */
	};
	rootObject = 004482B2292D71560034EB9E /* Project object */;
}
