// !$*UTF8*$!
{
	archiveVersion = 1;
	classes = {
	};
	objectVersion = 56;
	objects = {

/* Begin PBXBuildFile section */
		003FDD9F292998C5003A9702 /* TestView.swift in Sources */ = {isa = PBXBuildFile; fileRef = 003FDD9E292998C5003A9702 /* TestView.swift */; };
		00448217292A03D00034EB9E /* GoogleService-Info.plist in Resources */ = {isa = PBXBuildFile; fileRef = 00448216292A03CF0034EB9E /* GoogleService-Info.plist */; };
		0044821A292A04CC0034EB9E /* FirebaseAnalytics in Frameworks */ = {isa = PBXBuildFile; productRef = 00448219292A04CC0034EB9E /* FirebaseAnalytics */; };
		0044821C292A04CC0034EB9E /* FirebaseAnalyticsSwift in Frameworks */ = {isa = PBXBuildFile; productRef = 0044821B292A04CC0034EB9E /* FirebaseAnalyticsSwift */; };
		0044821E292A04CC0034EB9E /* FirebaseAuth in Frameworks */ = {isa = PBXBuildFile; productRef = 0044821D292A04CC0034EB9E /* FirebaseAuth */; };
		00448220292A04CC0034EB9E /* FirebaseDatabase in Frameworks */ = {isa = PBXBuildFile; productRef = 0044821F292A04CC0034EB9E /* FirebaseDatabase */; };
		00448222292A04CC0034EB9E /* FirebaseDatabaseSwift in Frameworks */ = {isa = PBXBuildFile; productRef = 00448221292A04CC0034EB9E /* FirebaseDatabaseSwift */; };
		00448224292A04CC0034EB9E /* FirebaseFirestore in Frameworks */ = {isa = PBXBuildFile; productRef = 00448223292A04CC0034EB9E /* FirebaseFirestore */; };
		00448226292A04CC0034EB9E /* FirebaseFirestoreSwift in Frameworks */ = {isa = PBXBuildFile; productRef = 00448225292A04CC0034EB9E /* FirebaseFirestoreSwift */; };
		00448228292A04CC0034EB9E /* FirebaseFunctions in Frameworks */ = {isa = PBXBuildFile; productRef = 00448227292A04CC0034EB9E /* FirebaseFunctions */; };
		0044822A292A04CC0034EB9E /* FirebaseMessaging in Frameworks */ = {isa = PBXBuildFile; productRef = 00448229292A04CC0034EB9E /* FirebaseMessaging */; };
		0044EB45292569BE00F91F58 /* I_Like_Me_BetterApp.swift in Sources */ = {isa = PBXBuildFile; fileRef = 0044EB44292569BE00F91F58 /* I_Like_Me_BetterApp.swift */; };
		0044EB47292569BE00F91F58 /* ContentView.swift in Sources */ = {isa = PBXBuildFile; fileRef = 0044EB46292569BE00F91F58 /* ContentView.swift */; };
		0044EB49292569C000F91F58 /* Assets.xcassets in Resources */ = {isa = PBXBuildFile; fileRef = 0044EB48292569C000F91F58 /* Assets.xcassets */; };
		0044EB4C292569C000F91F58 /* Preview Assets.xcassets in Resources */ = {isa = PBXBuildFile; fileRef = 0044EB4B292569C000F91F58 /* Preview Assets.xcassets */; };
		0044EB4E292569C000F91F58 /* Persistence.swift in Sources */ = {isa = PBXBuildFile; fileRef = 0044EB4D292569C000F91F58 /* Persistence.swift */; };
		0044EB51292569C000F91F58 /* I_Like_Me_Better.xcdatamodeld in Sources */ = {isa = PBXBuildFile; fileRef = 0044EB4F292569C000F91F58 /* I_Like_Me_Better.xcdatamodeld */; };
		0044EB5B292569C000F91F58 /* I_Like_Me_BetterTests.swift in Sources */ = {isa = PBXBuildFile; fileRef = 0044EB5A292569C000F91F58 /* I_Like_Me_BetterTests.swift */; };
		0044EB65292569C000F91F58 /* I_Like_Me_BetterUITests.swift in Sources */ = {isa = PBXBuildFile; fileRef = 0044EB64292569C000F91F58 /* I_Like_Me_BetterUITests.swift */; };
		0044EB67292569C000F91F58 /* I_Like_Me_BetterUITestsLaunchTests.swift in Sources */ = {isa = PBXBuildFile; fileRef = 0044EB66292569C000F91F58 /* I_Like_Me_BetterUITestsLaunchTests.swift */; };
		0044EB7429256A5300F91F58 /* HomeView.swift in Sources */ = {isa = PBXBuildFile; fileRef = 0044EB7329256A5300F91F58 /* HomeView.swift */; };
		0044EB7629256BF300F91F58 /* ImageSlider.swift in Sources */ = {isa = PBXBuildFile; fileRef = 0044EB7529256BF300F91F58 /* ImageSlider.swift */; };
		0044EB792925EB2C00F91F58 /* lauvData.xcdatamodeld in Sources */ = {isa = PBXBuildFile; fileRef = 0044EB772925EB2C00F91F58 /* lauvData.xcdatamodeld */; };
		0044EB7B2925EBC400F91F58 /* DataController.swift in Sources */ = {isa = PBXBuildFile; fileRef = 0044EB7A2925EBC400F91F58 /* DataController.swift */; };
		0044EB7F2925F29800F91F58 /* QuoteView.swift in Sources */ = {isa = PBXBuildFile; fileRef = 0044EB7E2925F29800F91F58 /* QuoteView.swift */; };
/* End PBXBuildFile section */

/* Begin PBXContainerItemProxy section */
		0044EB57292569C000F91F58 /* PBXContainerItemProxy */ = {
			isa = PBXContainerItemProxy;
			containerPortal = 0044EB39292569BE00F91F58 /* Project object */;
			proxyType = 1;
			remoteGlobalIDString = 0044EB40292569BE00F91F58;
			remoteInfo = "I Like Me Better";
		};
		0044EB61292569C000F91F58 /* PBXContainerItemProxy */ = {
			isa = PBXContainerItemProxy;
			containerPortal = 0044EB39292569BE00F91F58 /* Project object */;
			proxyType = 1;
			remoteGlobalIDString = 0044EB40292569BE00F91F58;
			remoteInfo = "I Like Me Better";
		};
/* End PBXContainerItemProxy section */

/* Begin PBXFileReference section */
		003FDD9E292998C5003A9702 /* TestView.swift */ = {isa = PBXFileReference; lastKnownFileType = sourcecode.swift; path = TestView.swift; sourceTree = "<group>"; };
		00448216292A03CF0034EB9E /* GoogleService-Info.plist */ = {isa = PBXFileReference; fileEncoding = 4; lastKnownFileType = text.plist.xml; name = "GoogleService-Info.plist"; path = "../../../../../Downloads/GoogleService-Info.plist"; sourceTree = "<group>"; };
		0044EB41292569BE00F91F58 /* I Like Me Better.app */ = {isa = PBXFileReference; explicitFileType = wrapper.application; includeInIndex = 0; path = "I Like Me Better.app"; sourceTree = BUILT_PRODUCTS_DIR; };
		0044EB44292569BE00F91F58 /* I_Like_Me_BetterApp.swift */ = {isa = PBXFileReference; lastKnownFileType = sourcecode.swift; path = I_Like_Me_BetterApp.swift; sourceTree = "<group>"; };
		0044EB46292569BE00F91F58 /* ContentView.swift */ = {isa = PBXFileReference; lastKnownFileType = sourcecode.swift; path = ContentView.swift; sourceTree = "<group>"; };
		0044EB48292569C000F91F58 /* Assets.xcassets */ = {isa = PBXFileReference; lastKnownFileType = folder.assetcatalog; path = Assets.xcassets; sourceTree = "<group>"; };
		0044EB4B292569C000F91F58 /* Preview Assets.xcassets */ = {isa = PBXFileReference; lastKnownFileType = folder.assetcatalog; path = "Preview Assets.xcassets"; sourceTree = "<group>"; };
		0044EB4D292569C000F91F58 /* Persistence.swift */ = {isa = PBXFileReference; lastKnownFileType = sourcecode.swift; path = Persistence.swift; sourceTree = "<group>"; };
		0044EB50292569C000F91F58 /* I_Like_Me_Better.xcdatamodel */ = {isa = PBXFileReference; lastKnownFileType = wrapper.xcdatamodel; path = I_Like_Me_Better.xcdatamodel; sourceTree = "<group>"; };
		0044EB56292569C000F91F58 /* I Like Me BetterTests.xctest */ = {isa = PBXFileReference; explicitFileType = wrapper.cfbundle; includeInIndex = 0; path = "I Like Me BetterTests.xctest"; sourceTree = BUILT_PRODUCTS_DIR; };
		0044EB5A292569C000F91F58 /* I_Like_Me_BetterTests.swift */ = {isa = PBXFileReference; lastKnownFileType = sourcecode.swift; path = I_Like_Me_BetterTests.swift; sourceTree = "<group>"; };
		0044EB60292569C000F91F58 /* I Like Me BetterUITests.xctest */ = {isa = PBXFileReference; explicitFileType = wrapper.cfbundle; includeInIndex = 0; path = "I Like Me BetterUITests.xctest"; sourceTree = BUILT_PRODUCTS_DIR; };
		0044EB64292569C000F91F58 /* I_Like_Me_BetterUITests.swift */ = {isa = PBXFileReference; lastKnownFileType = sourcecode.swift; path = I_Like_Me_BetterUITests.swift; sourceTree = "<group>"; };
		0044EB66292569C000F91F58 /* I_Like_Me_BetterUITestsLaunchTests.swift */ = {isa = PBXFileReference; lastKnownFileType = sourcecode.swift; path = I_Like_Me_BetterUITestsLaunchTests.swift; sourceTree = "<group>"; };
		0044EB7329256A5300F91F58 /* HomeView.swift */ = {isa = PBXFileReference; lastKnownFileType = sourcecode.swift; path = HomeView.swift; sourceTree = "<group>"; };
		0044EB7529256BF300F91F58 /* ImageSlider.swift */ = {isa = PBXFileReference; lastKnownFileType = sourcecode.swift; path = ImageSlider.swift; sourceTree = "<group>"; };
		0044EB782925EB2C00F91F58 /* lauvQuotes.xcdatamodel */ = {isa = PBXFileReference; lastKnownFileType = wrapper.xcdatamodel; path = lauvQuotes.xcdatamodel; sourceTree = "<group>"; };
		0044EB7A2925EBC400F91F58 /* DataController.swift */ = {isa = PBXFileReference; lastKnownFileType = sourcecode.swift; path = DataController.swift; sourceTree = "<group>"; };
		0044EB7E2925F29800F91F58 /* QuoteView.swift */ = {isa = PBXFileReference; lastKnownFileType = sourcecode.swift; path = QuoteView.swift; sourceTree = "<group>"; };
/* End PBXFileReference section */

/* Begin PBXFrameworksBuildPhase section */
		0044EB3E292569BE00F91F58 /* Frameworks */ = {
			isa = PBXFrameworksBuildPhase;
			buildActionMask = 2147483647;
			files = (
				0044822A292A04CC0034EB9E /* FirebaseMessaging in Frameworks */,
				00448222292A04CC0034EB9E /* FirebaseDatabaseSwift in Frameworks */,
				0044821C292A04CC0034EB9E /* FirebaseAnalyticsSwift in Frameworks */,
				0044821E292A04CC0034EB9E /* FirebaseAuth in Frameworks */,
				00448228292A04CC0034EB9E /* FirebaseFunctions in Frameworks */,
				00448226292A04CC0034EB9E /* FirebaseFirestoreSwift in Frameworks */,
				00448220292A04CC0034EB9E /* FirebaseDatabase in Frameworks */,
				0044821A292A04CC0034EB9E /* FirebaseAnalytics in Frameworks */,
				00448224292A04CC0034EB9E /* FirebaseFirestore in Frameworks */,
			);
			runOnlyForDeploymentPostprocessing = 0;
		};
		0044EB53292569C000F91F58 /* Frameworks */ = {
			isa = PBXFrameworksBuildPhase;
			buildActionMask = 2147483647;
			files = (
			);
			runOnlyForDeploymentPostprocessing = 0;
		};
		0044EB5D292569C000F91F58 /* Frameworks */ = {
			isa = PBXFrameworksBuildPhase;
			buildActionMask = 2147483647;
			files = (
			);
			runOnlyForDeploymentPostprocessing = 0;
		};
/* End PBXFrameworksBuildPhase section */

/* Begin PBXGroup section */
		0044EB38292569BE00F91F58 = {
			isa = PBXGroup;
			children = (
				0044EB43292569BE00F91F58 /* I Like Me Better */,
				0044EB59292569C000F91F58 /* I Like Me BetterTests */,
				0044EB63292569C000F91F58 /* I Like Me BetterUITests */,
				0044EB42292569BE00F91F58 /* Products */,
			);
			sourceTree = "<group>";
		};
		0044EB42292569BE00F91F58 /* Products */ = {
			isa = PBXGroup;
			children = (
				0044EB41292569BE00F91F58 /* I Like Me Better.app */,
				0044EB56292569C000F91F58 /* I Like Me BetterTests.xctest */,
				0044EB60292569C000F91F58 /* I Like Me BetterUITests.xctest */,
			);
			name = Products;
			sourceTree = "<group>";
		};
		0044EB43292569BE00F91F58 /* I Like Me Better */ = {
			isa = PBXGroup;
			children = (
				00448216292A03CF0034EB9E /* GoogleService-Info.plist */,
				003FDD9E292998C5003A9702 /* TestView.swift */,
				0044EB772925EB2C00F91F58 /* lauvData.xcdatamodeld */,
				0044EB7A2925EBC400F91F58 /* DataController.swift */,
				0044EB44292569BE00F91F58 /* I_Like_Me_BetterApp.swift */,
				0044EB46292569BE00F91F58 /* ContentView.swift */,
				0044EB48292569C000F91F58 /* Assets.xcassets */,
				0044EB4D292569C000F91F58 /* Persistence.swift */,
				0044EB4F292569C000F91F58 /* I_Like_Me_Better.xcdatamodeld */,
				0044EB4A292569C000F91F58 /* Preview Content */,
				0044EB7329256A5300F91F58 /* HomeView.swift */,
				0044EB7529256BF300F91F58 /* ImageSlider.swift */,
				0044EB7E2925F29800F91F58 /* QuoteView.swift */,
			);
			path = "I Like Me Better";
			sourceTree = "<group>";
		};
		0044EB4A292569C000F91F58 /* Preview Content */ = {
			isa = PBXGroup;
			children = (
				0044EB4B292569C000F91F58 /* Preview Assets.xcassets */,
			);
			path = "Preview Content";
			sourceTree = "<group>";
		};
		0044EB59292569C000F91F58 /* I Like Me BetterTests */ = {
			isa = PBXGroup;
			children = (
				0044EB5A292569C000F91F58 /* I_Like_Me_BetterTests.swift */,
			);
			path = "I Like Me BetterTests";
			sourceTree = "<group>";
		};
		0044EB63292569C000F91F58 /* I Like Me BetterUITests */ = {
			isa = PBXGroup;
			children = (
				0044EB64292569C000F91F58 /* I_Like_Me_BetterUITests.swift */,
				0044EB66292569C000F91F58 /* I_Like_Me_BetterUITestsLaunchTests.swift */,
			);
			path = "I Like Me BetterUITests";
			sourceTree = "<group>";
		};
/* End PBXGroup section */

/* Begin PBXNativeTarget section */
		0044EB40292569BE00F91F58 /* I Like Me Better */ = {
			isa = PBXNativeTarget;
			buildConfigurationList = 0044EB6A292569C000F91F58 /* Build configuration list for PBXNativeTarget "I Like Me Better" */;
			buildPhases = (
				0044EB3D292569BE00F91F58 /* Sources */,
				0044EB3E292569BE00F91F58 /* Frameworks */,
				0044EB3F292569BE00F91F58 /* Resources */,
			);
			buildRules = (
			);
			dependencies = (
			);
			name = "I Like Me Better";
			packageProductDependencies = (
				00448219292A04CC0034EB9E /* FirebaseAnalytics */,
				0044821B292A04CC0034EB9E /* FirebaseAnalyticsSwift */,
				0044821D292A04CC0034EB9E /* FirebaseAuth */,
				0044821F292A04CC0034EB9E /* FirebaseDatabase */,
				00448221292A04CC0034EB9E /* FirebaseDatabaseSwift */,
				00448223292A04CC0034EB9E /* FirebaseFirestore */,
				00448225292A04CC0034EB9E /* FirebaseFirestoreSwift */,
				00448227292A04CC0034EB9E /* FirebaseFunctions */,
				00448229292A04CC0034EB9E /* FirebaseMessaging */,
			);
			productName = "I Like Me Better";
			productReference = 0044EB41292569BE00F91F58 /* I Like Me Better.app */;
			productType = "com.apple.product-type.application";
		};
		0044EB55292569C000F91F58 /* I Like Me BetterTests */ = {
			isa = PBXNativeTarget;
			buildConfigurationList = 0044EB6D292569C000F91F58 /* Build configuration list for PBXNativeTarget "I Like Me BetterTests" */;
			buildPhases = (
				0044EB52292569C000F91F58 /* Sources */,
				0044EB53292569C000F91F58 /* Frameworks */,
				0044EB54292569C000F91F58 /* Resources */,
			);
			buildRules = (
			);
			dependencies = (
				0044EB58292569C000F91F58 /* PBXTargetDependency */,
			);
			name = "I Like Me BetterTests";
			productName = "I Like Me BetterTests";
			productReference = 0044EB56292569C000F91F58 /* I Like Me BetterTests.xctest */;
			productType = "com.apple.product-type.bundle.unit-test";
		};
		0044EB5F292569C000F91F58 /* I Like Me BetterUITests */ = {
			isa = PBXNativeTarget;
			buildConfigurationList = 0044EB70292569C000F91F58 /* Build configuration list for PBXNativeTarget "I Like Me BetterUITests" */;
			buildPhases = (
				0044EB5C292569C000F91F58 /* Sources */,
				0044EB5D292569C000F91F58 /* Frameworks */,
				0044EB5E292569C000F91F58 /* Resources */,
			);
			buildRules = (
			);
			dependencies = (
				0044EB62292569C000F91F58 /* PBXTargetDependency */,
			);
			name = "I Like Me BetterUITests";
			productName = "I Like Me BetterUITests";
			productReference = 0044EB60292569C000F91F58 /* I Like Me BetterUITests.xctest */;
			productType = "com.apple.product-type.bundle.ui-testing";
		};
/* End PBXNativeTarget section */

/* Begin PBXProject section */
		0044EB39292569BE00F91F58 /* Project object */ = {
			isa = PBXProject;
			attributes = {
				BuildIndependentTargetsInParallel = 1;
				LastSwiftUpdateCheck = 1410;
				LastUpgradeCheck = 1410;
				TargetAttributes = {
					0044EB40292569BE00F91F58 = {
						CreatedOnToolsVersion = 14.1;
					};
					0044EB55292569C000F91F58 = {
						CreatedOnToolsVersion = 14.1;
						TestTargetID = 0044EB40292569BE00F91F58;
					};
					0044EB5F292569C000F91F58 = {
						CreatedOnToolsVersion = 14.1;
						TestTargetID = 0044EB40292569BE00F91F58;
					};
				};
			};
			buildConfigurationList = 0044EB3C292569BE00F91F58 /* Build configuration list for PBXProject "I Like Me Better" */;
			compatibilityVersion = "Xcode 14.0";
			developmentRegion = en;
			hasScannedForEncodings = 0;
			knownRegions = (
				en,
				Base,
			);
			mainGroup = 0044EB38292569BE00F91F58;
			packageReferences = (
				00448218292A04CC0034EB9E /* XCRemoteSwiftPackageReference "firebase-ios-sdk" */,
			);
			productRefGroup = 0044EB42292569BE00F91F58 /* Products */;
			projectDirPath = "";
			projectRoot = "";
			targets = (
				0044EB40292569BE00F91F58 /* I Like Me Better */,
				0044EB55292569C000F91F58 /* I Like Me BetterTests */,
				0044EB5F292569C000F91F58 /* I Like Me BetterUITests */,
			);
		};
/* End PBXProject section */

/* Begin PBXResourcesBuildPhase section */
		0044EB3F292569BE00F91F58 /* Resources */ = {
			isa = PBXResourcesBuildPhase;
			buildActionMask = 2147483647;
			files = (
				0044EB4C292569C000F91F58 /* Preview Assets.xcassets in Resources */,
				0044EB49292569C000F91F58 /* Assets.xcassets in Resources */,
				00448217292A03D00034EB9E /* GoogleService-Info.plist in Resources */,
			);
			runOnlyForDeploymentPostprocessing = 0;
		};
		0044EB54292569C000F91F58 /* Resources */ = {
			isa = PBXResourcesBuildPhase;
			buildActionMask = 2147483647;
			files = (
			);
			runOnlyForDeploymentPostprocessing = 0;
		};
		0044EB5E292569C000F91F58 /* Resources */ = {
			isa = PBXResourcesBuildPhase;
			buildActionMask = 2147483647;
			files = (
			);
			runOnlyForDeploymentPostprocessing = 0;
		};
/* End PBXResourcesBuildPhase section */

/* Begin PBXSourcesBuildPhase section */
		0044EB3D292569BE00F91F58 /* Sources */ = {
			isa = PBXSourcesBuildPhase;
			buildActionMask = 2147483647;
			files = (
				0044EB51292569C000F91F58 /* I_Like_Me_Better.xcdatamodeld in Sources */,
				0044EB4E292569C000F91F58 /* Persistence.swift in Sources */,
				0044EB7629256BF300F91F58 /* ImageSlider.swift in Sources */,
				0044EB47292569BE00F91F58 /* ContentView.swift in Sources */,
				0044EB792925EB2C00F91F58 /* lauvData.xcdatamodeld in Sources */,
				0044EB7B2925EBC400F91F58 /* DataController.swift in Sources */,
				003FDD9F292998C5003A9702 /* TestView.swift in Sources */,
				0044EB7429256A5300F91F58 /* HomeView.swift in Sources */,
				0044EB7F2925F29800F91F58 /* QuoteView.swift in Sources */,
				0044EB45292569BE00F91F58 /* I_Like_Me_BetterApp.swift in Sources */,
			);
			runOnlyForDeploymentPostprocessing = 0;
		};
		0044EB52292569C000F91F58 /* Sources */ = {
			isa = PBXSourcesBuildPhase;
			buildActionMask = 2147483647;
			files = (
				0044EB5B292569C000F91F58 /* I_Like_Me_BetterTests.swift in Sources */,
			);
			runOnlyForDeploymentPostprocessing = 0;
		};
		0044EB5C292569C000F91F58 /* Sources */ = {
			isa = PBXSourcesBuildPhase;
			buildActionMask = 2147483647;
			files = (
				0044EB65292569C000F91F58 /* I_Like_Me_BetterUITests.swift in Sources */,
				0044EB67292569C000F91F58 /* I_Like_Me_BetterUITestsLaunchTests.swift in Sources */,
			);
			runOnlyForDeploymentPostprocessing = 0;
		};
/* End PBXSourcesBuildPhase section */

/* Begin PBXTargetDependency section */
		0044EB58292569C000F91F58 /* PBXTargetDependency */ = {
			isa = PBXTargetDependency;
			target = 0044EB40292569BE00F91F58 /* I Like Me Better */;
			targetProxy = 0044EB57292569C000F91F58 /* PBXContainerItemProxy */;
		};
		0044EB62292569C000F91F58 /* PBXTargetDependency */ = {
			isa = PBXTargetDependency;
			target = 0044EB40292569BE00F91F58 /* I Like Me Better */;
			targetProxy = 0044EB61292569C000F91F58 /* PBXContainerItemProxy */;
		};
/* End PBXTargetDependency section */

/* Begin XCBuildConfiguration section */
		0044EB68292569C000F91F58 /* Debug */ = {
			isa = XCBuildConfiguration;
			buildSettings = {
				ALWAYS_SEARCH_USER_PATHS = NO;
				CLANG_ANALYZER_NONNULL = YES;
				CLANG_ANALYZER_NUMBER_OBJECT_CONVERSION = YES_AGGRESSIVE;
				CLANG_CXX_LANGUAGE_STANDARD = "gnu++20";
				CLANG_ENABLE_MODULES = YES;
				CLANG_ENABLE_OBJC_ARC = YES;
				CLANG_ENABLE_OBJC_WEAK = YES;
				CLANG_WARN_BLOCK_CAPTURE_AUTORELEASING = YES;
				CLANG_WARN_BOOL_CONVERSION = YES;
				CLANG_WARN_COMMA = YES;
				CLANG_WARN_CONSTANT_CONVERSION = YES;
				CLANG_WARN_DEPRECATED_OBJC_IMPLEMENTATIONS = YES;
				CLANG_WARN_DIRECT_OBJC_ISA_USAGE = YES_ERROR;
				CLANG_WARN_DOCUMENTATION_COMMENTS = YES;
				CLANG_WARN_EMPTY_BODY = YES;
				CLANG_WARN_ENUM_CONVERSION = YES;
				CLANG_WARN_INFINITE_RECURSION = YES;
				CLANG_WARN_INT_CONVERSION = YES;
				CLANG_WARN_NON_LITERAL_NULL_CONVERSION = YES;
				CLANG_WARN_OBJC_IMPLICIT_RETAIN_SELF = YES;
				CLANG_WARN_OBJC_LITERAL_CONVERSION = YES;
				CLANG_WARN_OBJC_ROOT_CLASS = YES_ERROR;
				CLANG_WARN_QUOTED_INCLUDE_IN_FRAMEWORK_HEADER = YES;
				CLANG_WARN_RANGE_LOOP_ANALYSIS = YES;
				CLANG_WARN_STRICT_PROTOTYPES = YES;
				CLANG_WARN_SUSPICIOUS_MOVE = YES;
				CLANG_WARN_UNGUARDED_AVAILABILITY = YES_AGGRESSIVE;
				CLANG_WARN_UNREACHABLE_CODE = YES;
				CLANG_WARN__DUPLICATE_METHOD_MATCH = YES;
				COPY_PHASE_STRIP = NO;
				DEBUG_INFORMATION_FORMAT = dwarf;
				ENABLE_STRICT_OBJC_MSGSEND = YES;
				ENABLE_TESTABILITY = YES;
				GCC_C_LANGUAGE_STANDARD = gnu11;
				GCC_DYNAMIC_NO_PIC = NO;
				GCC_NO_COMMON_BLOCKS = YES;
				GCC_OPTIMIZATION_LEVEL = 0;
				GCC_PREPROCESSOR_DEFINITIONS = (
					"DEBUG=1",
					"$(inherited)",
				);
				GCC_WARN_64_TO_32_BIT_CONVERSION = YES;
				GCC_WARN_ABOUT_RETURN_TYPE = YES_ERROR;
				GCC_WARN_UNDECLARED_SELECTOR = YES;
				GCC_WARN_UNINITIALIZED_AUTOS = YES_AGGRESSIVE;
				GCC_WARN_UNUSED_FUNCTION = YES;
				GCC_WARN_UNUSED_VARIABLE = YES;
				IPHONEOS_DEPLOYMENT_TARGET = 16.1;
				MTL_ENABLE_DEBUG_INFO = INCLUDE_SOURCE;
				MTL_FAST_MATH = YES;
				ONLY_ACTIVE_ARCH = YES;
				SDKROOT = iphoneos;
				SWIFT_ACTIVE_COMPILATION_CONDITIONS = DEBUG;
				SWIFT_OPTIMIZATION_LEVEL = "-Onone";
			};
			name = Debug;
		};
		0044EB69292569C000F91F58 /* Release */ = {
			isa = XCBuildConfiguration;
			buildSettings = {
				ALWAYS_SEARCH_USER_PATHS = NO;
				CLANG_ANALYZER_NONNULL = YES;
				CLANG_ANALYZER_NUMBER_OBJECT_CONVERSION = YES_AGGRESSIVE;
				CLANG_CXX_LANGUAGE_STANDARD = "gnu++20";
				CLANG_ENABLE_MODULES = YES;
				CLANG_ENABLE_OBJC_ARC = YES;
				CLANG_ENABLE_OBJC_WEAK = YES;
				CLANG_WARN_BLOCK_CAPTURE_AUTORELEASING = YES;
				CLANG_WARN_BOOL_CONVERSION = YES;
				CLANG_WARN_COMMA = YES;
				CLANG_WARN_CONSTANT_CONVERSION = YES;
				CLANG_WARN_DEPRECATED_OBJC_IMPLEMENTATIONS = YES;
				CLANG_WARN_DIRECT_OBJC_ISA_USAGE = YES_ERROR;
				CLANG_WARN_DOCUMENTATION_COMMENTS = YES;
				CLANG_WARN_EMPTY_BODY = YES;
				CLANG_WARN_ENUM_CONVERSION = YES;
				CLANG_WARN_INFINITE_RECURSION = YES;
				CLANG_WARN_INT_CONVERSION = YES;
				CLANG_WARN_NON_LITERAL_NULL_CONVERSION = YES;
				CLANG_WARN_OBJC_IMPLICIT_RETAIN_SELF = YES;
				CLANG_WARN_OBJC_LITERAL_CONVERSION = YES;
				CLANG_WARN_OBJC_ROOT_CLASS = YES_ERROR;
				CLANG_WARN_QUOTED_INCLUDE_IN_FRAMEWORK_HEADER = YES;
				CLANG_WARN_RANGE_LOOP_ANALYSIS = YES;
				CLANG_WARN_STRICT_PROTOTYPES = YES;
				CLANG_WARN_SUSPICIOUS_MOVE = YES;
				CLANG_WARN_UNGUARDED_AVAILABILITY = YES_AGGRESSIVE;
				CLANG_WARN_UNREACHABLE_CODE = YES;
				CLANG_WARN__DUPLICATE_METHOD_MATCH = YES;
				COPY_PHASE_STRIP = NO;
				DEBUG_INFORMATION_FORMAT = "dwarf-with-dsym";
				ENABLE_NS_ASSERTIONS = NO;
				ENABLE_STRICT_OBJC_MSGSEND = YES;
				GCC_C_LANGUAGE_STANDARD = gnu11;
				GCC_NO_COMMON_BLOCKS = YES;
				GCC_WARN_64_TO_32_BIT_CONVERSION = YES;
				GCC_WARN_ABOUT_RETURN_TYPE = YES_ERROR;
				GCC_WARN_UNDECLARED_SELECTOR = YES;
				GCC_WARN_UNINITIALIZED_AUTOS = YES_AGGRESSIVE;
				GCC_WARN_UNUSED_FUNCTION = YES;
				GCC_WARN_UNUSED_VARIABLE = YES;
				IPHONEOS_DEPLOYMENT_TARGET = 16.1;
				MTL_ENABLE_DEBUG_INFO = NO;
				MTL_FAST_MATH = YES;
				SDKROOT = iphoneos;
				SWIFT_COMPILATION_MODE = wholemodule;
				SWIFT_OPTIMIZATION_LEVEL = "-O";
				VALIDATE_PRODUCT = YES;
			};
			name = Release;
		};
		0044EB6B292569C000F91F58 /* Debug */ = {
			isa = XCBuildConfiguration;
			buildSettings = {
				ASSETCATALOG_COMPILER_APPICON_NAME = AppIcon;
				ASSETCATALOG_COMPILER_GLOBAL_ACCENT_COLOR_NAME = AccentColor;
				CODE_SIGN_STYLE = Automatic;
				CURRENT_PROJECT_VERSION = 1;
				DEVELOPMENT_ASSET_PATHS = "\"I Like Me Better/Preview Content\"";
				ENABLE_PREVIEWS = YES;
				GENERATE_INFOPLIST_FILE = YES;
				INFOPLIST_KEY_UIApplicationSceneManifest_Generation = YES;
				INFOPLIST_KEY_UIApplicationSupportsIndirectInputEvents = YES;
				INFOPLIST_KEY_UILaunchScreen_Generation = YES;
				INFOPLIST_KEY_UISupportedInterfaceOrientations_iPad = "UIInterfaceOrientationPortrait UIInterfaceOrientationPortraitUpsideDown UIInterfaceOrientationLandscapeLeft UIInterfaceOrientationLandscapeRight";
				INFOPLIST_KEY_UISupportedInterfaceOrientations_iPhone = "UIInterfaceOrientationPortrait UIInterfaceOrientationLandscapeLeft UIInterfaceOrientationLandscapeRight";
				LD_RUNPATH_SEARCH_PATHS = (
					"$(inherited)",
					"@executable_path/Frameworks",
				);
				MARKETING_VERSION = 1.0;
				PRODUCT_BUNDLE_IDENTIFIER = "com.hsappdev.I-Like-Me-Better";
				PRODUCT_NAME = "$(TARGET_NAME)";
				SWIFT_EMIT_LOC_STRINGS = YES;
				SWIFT_VERSION = 5.0;
				TARGETED_DEVICE_FAMILY = "1,2";
			};
			name = Debug;
		};
		0044EB6C292569C000F91F58 /* Release */ = {
			isa = XCBuildConfiguration;
			buildSettings = {
				ASSETCATALOG_COMPILER_APPICON_NAME = AppIcon;
				ASSETCATALOG_COMPILER_GLOBAL_ACCENT_COLOR_NAME = AccentColor;
				CODE_SIGN_STYLE = Automatic;
				CURRENT_PROJECT_VERSION = 1;
				DEVELOPMENT_ASSET_PATHS = "\"I Like Me Better/Preview Content\"";
				ENABLE_PREVIEWS = YES;
				GENERATE_INFOPLIST_FILE = YES;
				INFOPLIST_KEY_UIApplicationSceneManifest_Generation = YES;
				INFOPLIST_KEY_UIApplicationSupportsIndirectInputEvents = YES;
				INFOPLIST_KEY_UILaunchScreen_Generation = YES;
				INFOPLIST_KEY_UISupportedInterfaceOrientations_iPad = "UIInterfaceOrientationPortrait UIInterfaceOrientationPortraitUpsideDown UIInterfaceOrientationLandscapeLeft UIInterfaceOrientationLandscapeRight";
				INFOPLIST_KEY_UISupportedInterfaceOrientations_iPhone = "UIInterfaceOrientationPortrait UIInterfaceOrientationLandscapeLeft UIInterfaceOrientationLandscapeRight";
				LD_RUNPATH_SEARCH_PATHS = (
					"$(inherited)",
					"@executable_path/Frameworks",
				);
				MARKETING_VERSION = 1.0;
				PRODUCT_BUNDLE_IDENTIFIER = "com.hsappdev.I-Like-Me-Better";
				PRODUCT_NAME = "$(TARGET_NAME)";
				SWIFT_EMIT_LOC_STRINGS = YES;
				SWIFT_VERSION = 5.0;
				TARGETED_DEVICE_FAMILY = "1,2";
			};
			name = Release;
		};
		0044EB6E292569C000F91F58 /* Debug */ = {
			isa = XCBuildConfiguration;
			buildSettings = {
				ALWAYS_EMBED_SWIFT_STANDARD_LIBRARIES = YES;
				BUNDLE_LOADER = "$(TEST_HOST)";
				CODE_SIGN_STYLE = Automatic;
				CURRENT_PROJECT_VERSION = 1;
				GENERATE_INFOPLIST_FILE = YES;
				IPHONEOS_DEPLOYMENT_TARGET = 16.1;
				MARKETING_VERSION = 1.0;
				PRODUCT_BUNDLE_IDENTIFIER = "com.hsappdev.I-Like-Me-BetterTests";
				PRODUCT_NAME = "$(TARGET_NAME)";
				SWIFT_EMIT_LOC_STRINGS = NO;
				SWIFT_VERSION = 5.0;
				TARGETED_DEVICE_FAMILY = "1,2";
				TEST_HOST = "$(BUILT_PRODUCTS_DIR)/I Like Me Better.app/$(BUNDLE_EXECUTABLE_FOLDER_PATH)/I Like Me Better";
			};
			name = Debug;
		};
		0044EB6F292569C000F91F58 /* Release */ = {
			isa = XCBuildConfiguration;
			buildSettings = {
				ALWAYS_EMBED_SWIFT_STANDARD_LIBRARIES = YES;
				BUNDLE_LOADER = "$(TEST_HOST)";
				CODE_SIGN_STYLE = Automatic;
				CURRENT_PROJECT_VERSION = 1;
				GENERATE_INFOPLIST_FILE = YES;
				IPHONEOS_DEPLOYMENT_TARGET = 16.1;
				MARKETING_VERSION = 1.0;
				PRODUCT_BUNDLE_IDENTIFIER = "com.hsappdev.I-Like-Me-BetterTests";
				PRODUCT_NAME = "$(TARGET_NAME)";
				SWIFT_EMIT_LOC_STRINGS = NO;
				SWIFT_VERSION = 5.0;
				TARGETED_DEVICE_FAMILY = "1,2";
				TEST_HOST = "$(BUILT_PRODUCTS_DIR)/I Like Me Better.app/$(BUNDLE_EXECUTABLE_FOLDER_PATH)/I Like Me Better";
			};
			name = Release;
		};
		0044EB71292569C000F91F58 /* Debug */ = {
			isa = XCBuildConfiguration;
			buildSettings = {
				ALWAYS_EMBED_SWIFT_STANDARD_LIBRARIES = YES;
				CODE_SIGN_STYLE = Automatic;
				CURRENT_PROJECT_VERSION = 1;
				GENERATE_INFOPLIST_FILE = YES;
				MARKETING_VERSION = 1.0;
				PRODUCT_BUNDLE_IDENTIFIER = "com.hsappdev.I-Like-Me-BetterUITests";
				PRODUCT_NAME = "$(TARGET_NAME)";
				SWIFT_EMIT_LOC_STRINGS = NO;
				SWIFT_VERSION = 5.0;
				TARGETED_DEVICE_FAMILY = "1,2";
				TEST_TARGET_NAME = "I Like Me Better";
			};
			name = Debug;
		};
		0044EB72292569C000F91F58 /* Release */ = {
			isa = XCBuildConfiguration;
			buildSettings = {
				ALWAYS_EMBED_SWIFT_STANDARD_LIBRARIES = YES;
				CODE_SIGN_STYLE = Automatic;
				CURRENT_PROJECT_VERSION = 1;
				GENERATE_INFOPLIST_FILE = YES;
				MARKETING_VERSION = 1.0;
				PRODUCT_BUNDLE_IDENTIFIER = "com.hsappdev.I-Like-Me-BetterUITests";
				PRODUCT_NAME = "$(TARGET_NAME)";
				SWIFT_EMIT_LOC_STRINGS = NO;
				SWIFT_VERSION = 5.0;
				TARGETED_DEVICE_FAMILY = "1,2";
				TEST_TARGET_NAME = "I Like Me Better";
			};
			name = Release;
		};
/* End XCBuildConfiguration section */

/* Begin XCConfigurationList section */
		0044EB3C292569BE00F91F58 /* Build configuration list for PBXProject "I Like Me Better" */ = {
			isa = XCConfigurationList;
			buildConfigurations = (
				0044EB68292569C000F91F58 /* Debug */,
				0044EB69292569C000F91F58 /* Release */,
			);
			defaultConfigurationIsVisible = 0;
			defaultConfigurationName = Release;
		};
		0044EB6A292569C000F91F58 /* Build configuration list for PBXNativeTarget "I Like Me Better" */ = {
			isa = XCConfigurationList;
			buildConfigurations = (
				0044EB6B292569C000F91F58 /* Debug */,
				0044EB6C292569C000F91F58 /* Release */,
			);
			defaultConfigurationIsVisible = 0;
			defaultConfigurationName = Release;
		};
		0044EB6D292569C000F91F58 /* Build configuration list for PBXNativeTarget "I Like Me BetterTests" */ = {
			isa = XCConfigurationList;
			buildConfigurations = (
				0044EB6E292569C000F91F58 /* Debug */,
				0044EB6F292569C000F91F58 /* Release */,
			);
			defaultConfigurationIsVisible = 0;
			defaultConfigurationName = Release;
		};
		0044EB70292569C000F91F58 /* Build configuration list for PBXNativeTarget "I Like Me BetterUITests" */ = {
			isa = XCConfigurationList;
			buildConfigurations = (
				0044EB71292569C000F91F58 /* Debug */,
				0044EB72292569C000F91F58 /* Release */,
			);
			defaultConfigurationIsVisible = 0;
			defaultConfigurationName = Release;
		};
/* End XCConfigurationList section */

/* Begin XCRemoteSwiftPackageReference section */
		00448218292A04CC0034EB9E /* XCRemoteSwiftPackageReference "firebase-ios-sdk" */ = {
			isa = XCRemoteSwiftPackageReference;
			repositoryURL = "https://github.com/firebase/firebase-ios-sdk";
			requirement = {
				kind = upToNextMajorVersion;
				minimumVersion = 9.0.0;
			};
		};
/* End XCRemoteSwiftPackageReference section */

/* Begin XCSwiftPackageProductDependency section */
		00448219292A04CC0034EB9E /* FirebaseAnalytics */ = {
			isa = XCSwiftPackageProductDependency;
			package = 00448218292A04CC0034EB9E /* XCRemoteSwiftPackageReference "firebase-ios-sdk" */;
			productName = FirebaseAnalytics;
		};
		0044821B292A04CC0034EB9E /* FirebaseAnalyticsSwift */ = {
			isa = XCSwiftPackageProductDependency;
			package = 00448218292A04CC0034EB9E /* XCRemoteSwiftPackageReference "firebase-ios-sdk" */;
			productName = FirebaseAnalyticsSwift;
		};
		0044821D292A04CC0034EB9E /* FirebaseAuth */ = {
			isa = XCSwiftPackageProductDependency;
			package = 00448218292A04CC0034EB9E /* XCRemoteSwiftPackageReference "firebase-ios-sdk" */;
			productName = FirebaseAuth;
		};
		0044821F292A04CC0034EB9E /* FirebaseDatabase */ = {
			isa = XCSwiftPackageProductDependency;
			package = 00448218292A04CC0034EB9E /* XCRemoteSwiftPackageReference "firebase-ios-sdk" */;
			productName = FirebaseDatabase;
		};
		00448221292A04CC0034EB9E /* FirebaseDatabaseSwift */ = {
			isa = XCSwiftPackageProductDependency;
			package = 00448218292A04CC0034EB9E /* XCRemoteSwiftPackageReference "firebase-ios-sdk" */;
			productName = FirebaseDatabaseSwift;
		};
		00448223292A04CC0034EB9E /* FirebaseFirestore */ = {
			isa = XCSwiftPackageProductDependency;
			package = 00448218292A04CC0034EB9E /* XCRemoteSwiftPackageReference "firebase-ios-sdk" */;
			productName = FirebaseFirestore;
		};
		00448225292A04CC0034EB9E /* FirebaseFirestoreSwift */ = {
			isa = XCSwiftPackageProductDependency;
			package = 00448218292A04CC0034EB9E /* XCRemoteSwiftPackageReference "firebase-ios-sdk" */;
			productName = FirebaseFirestoreSwift;
		};
		00448227292A04CC0034EB9E /* FirebaseFunctions */ = {
			isa = XCSwiftPackageProductDependency;
			package = 00448218292A04CC0034EB9E /* XCRemoteSwiftPackageReference "firebase-ios-sdk" */;
			productName = FirebaseFunctions;
		};
		00448229292A04CC0034EB9E /* FirebaseMessaging */ = {
			isa = XCSwiftPackageProductDependency;
			package = 00448218292A04CC0034EB9E /* XCRemoteSwiftPackageReference "firebase-ios-sdk" */;
			productName = FirebaseMessaging;
		};
/* End XCSwiftPackageProductDependency section */

/* Begin XCVersionGroup section */
		0044EB4F292569C000F91F58 /* I_Like_Me_Better.xcdatamodeld */ = {
			isa = XCVersionGroup;
			children = (
				0044EB50292569C000F91F58 /* I_Like_Me_Better.xcdatamodel */,
			);
			currentVersion = 0044EB50292569C000F91F58 /* I_Like_Me_Better.xcdatamodel */;
			path = I_Like_Me_Better.xcdatamodeld;
			sourceTree = "<group>";
			versionGroupType = wrapper.xcdatamodel;
		};
		0044EB772925EB2C00F91F58 /* lauvData.xcdatamodeld */ = {
			isa = XCVersionGroup;
			children = (
				0044EB782925EB2C00F91F58 /* lauvQuotes.xcdatamodel */,
			);
			currentVersion = 0044EB782925EB2C00F91F58 /* lauvQuotes.xcdatamodel */;
			path = lauvData.xcdatamodeld;
			sourceTree = "<group>";
			versionGroupType = wrapper.xcdatamodel;
		};
/* End XCVersionGroup section */
	};
	rootObject = 0044EB39292569BE00F91F58 /* Project object */;
}
